
Microsoft Visual Studio Solution File, Format Version 12.00
# Visual Studio Version 17
VisualStudioVersion = 17.10.35027.167
MinimumVisualStudioVersion = 10.0.40219.1
Project("{FAE04EC0-301F-11D3-BF4B-00C04F79EFBC}") = "mvc session2", "mvc session2\mvc session2.csproj", "{F357444F-8B6C-4B62-BE6B-2BC2AE7885F9}"
EndProject
Global
	GlobalSection(SolutionConfigurationPlatforms) = preSolution
		Debug|Any CPU = Debug|Any CPU
		Release|Any CPU = Release|Any CPU
	EndGlobalSection
	GlobalSection(ProjectConfigurationPlatforms) = postSolution
		{F357444F-8B6C-4B62-BE6B-2BC2AE7885F9}.Debug|Any CPU.ActiveCfg = Debug|Any CPU
		{F357444F-8B6C-4B62-BE6B-2BC2AE7885F9}.Debug|Any CPU.Build.0 = Debug|Any CPU
		{F357444F-8B6C-4B62-BE6B-2BC2AE7885F9}.Release|Any CPU.ActiveCfg = Release|Any CPU
		{F357444F-8B6C-4B62-BE6B-2BC2AE7885F9}.Release|Any CPU.Build.0 = Release|Any CPU
	EndGlobalSection
	GlobalSection(SolutionProperties) = preSolution
		HideSolutionNode = FALSE
	EndGlobalSection
	GlobalSection(ExtensibilityGlobals) = postSolution
		SolutionGuid = {1AB79610-3912-4241-B718-BFF58A342224}
	EndGlobalSection
EndGlobal
